lockfileVersion: 5.4

specifiers:
  '@types/node': ^18.0.0
  '@types/react': ^18.0.14
  next: canary
  react: ^18.2.0
  react-dom: ^18.2.0
  typescript: ^4.7.4

dependencies:
  next: 12.2.6-canary.8_biqbaboplfbrettd7655fr4n2y
  react: 18.2.0
  react-dom: 18.2.0_react@18.2.0

devDependencies:
  '@types/node': 18.7.14
  '@types/react': 18.0.18
  typescript: 4.8.2

packages:

  /@next/env/12.2.6-canary.8:
    resolution: {integrity: sha512-VJVvvWD5f1HXF3OTzWDdHomWsUwM70Bg8AR29iKhyMkaTu84qtR2IiQmrqO9tioht0OTRbu6J9HHZRh1UZmBLA==}
    dev: false

  /@next/swc-android-arm-eabi/12.2.6-canary.8:
    resolution: {integrity: sha512-Ia399tA8TAYnmQFwTF0KmyT58/qN1W0plqTw6ZFqfT/ZGySMD68uy3GVtZk1/puXIiQj4qgj2kuAWzdwnbuC1A==}
    engines: {node: '>= 10'}
    cpu: [arm]
    os: [android]
    requiresBuild: true
    dev: false
    optional: true

  /@next/swc-android-arm64/12.2.6-canary.8:
    resolution: {integrity: sha512-4B884lF1CZa1sV+k1/lnkArVuumDjync8xMBDWz9ZcAI6ryLZFkivAxX5EwDFhznGYluy2t+jQGxPtKB12lb7Q==}
    engines: {node: '>= 10'}
    cpu: [arm64]
    os: [android]
    requiresBuild: true
    dev: false
    optional: true

  /@next/swc-darwin-arm64/12.2.6-canary.8:
    resolution: {integrity: sha512-KGe1NkhWVM+A3UL7X3ba4sg5VI6HDgi6LabNxirCAFb1bLatlPUt4ZbaPKtATjPJ0UDqPF2MVmnWoCp0Ged4Rw==}
    engines: {node: '>= 10'}
    cpu: [arm64]
    os: [darwin]
    requiresBuild: true
    dev: false
    optional: true

  /@next/swc-darwin-x64/12.2.6-canary.8:
    resolution: {integrity: sha512-B+unXWYTg8WhXJ1NE6Q0OEgup4MySqxz8adsmSFUzsxNkm5fKuxw2uVWp+aDGVZ4QBrCWkt2zeVG6C77FgzU0A==}
    engines: {node: '>= 10'}
    cpu: [x64]
    os: [darwin]
    requiresBuild: true
    dev: false
    optional: true

  /@next/swc-freebsd-x64/12.2.6-canary.8:
    resolution: {integrity: sha512-VuH2p8vIZ9A/vHWvMFYu3hjqd9C8HWQXcwTiQnFr6GeMAVR+ouQCUyaAI0OGOsQB3HziCyvNNdSTTueXp6R9QA==}
    engines: {node: '>= 10'}
    cpu: [x64]
    os: [freebsd]
    requiresBuild: true
    dev: false
    optional: true

  /@next/swc-linux-arm-gnueabihf/12.2.6-canary.8:
    resolution: {integrity: sha512-4/zLwO0+sOi/8d2jESdbIKYRiNH0fwTUKdCqv8aeiuSl3BKjl4e8tbI+gEi/Bjnl+wbNhtykcnEmBZaJM8CYMw==}
    engines: {node: '>= 10'}
    cpu: [arm]
    os: [linux]
    requiresBuild: true
    dev: false
    optional: true

  /@next/swc-linux-arm64-gnu/12.2.6-canary.8:
    resolution: {integrity: sha512-b89bUAAlzDxoubeARLyqU/bimWhYzPKsFTGAAVkNy5uWp8VqQJKVAUg98FEWVWCyRup9dl7+tW5B7TmcbII47g==}
    engines: {node: '>= 10'}
    cpu: [arm64]
    os: [linux]
    requiresBuild: true
    dev: false
    optional: true

  /@next/swc-linux-arm64-musl/12.2.6-canary.8:
    resolution: {integrity: sha512-EOMAhjo6G8m3skJ03wesy+oJDLsKd224sEFSSmXm43ks6qoGJ8wUiLl5s5Wy5u7bFcwv13TxVw+sg6Z3/QoLBA==}
    engines: {node: '>= 10'}
    cpu: [arm64]
    os: [linux]
    requiresBuild: true
    dev: false
    optional: true

  /@next/swc-linux-x64-gnu/12.2.6-canary.8:
    resolution: {integrity: sha512-vmVqgTM1+YIl8mB0bVV7Zz/KBWRdBYCgiA6oeJUc5t8XVyZyU5Qf/JCaHNfRGUV1yu437VfC92FhJ+fzP9EBZg==}
    engines: {node: '>= 10'}
    cpu: [x64]
    os: [linux]
    requiresBuild: true
    dev: false
    optional: true

  /@next/swc-linux-x64-musl/12.2.6-canary.8:
    resolution: {integrity: sha512-uhaUnTOZ6comdunR6KLp62IRaY7W6c9pEOrP6MHDP8jMp/3fYNRHeFJqYOkyKmfpbG65zgEvG57fvmRL7WXrFQ==}
    engines: {node: '>= 10'}
    cpu: [x64]
    os: [linux]
    requiresBuild: true
    dev: false
    optional: true

  /@next/swc-win32-arm64-msvc/12.2.6-canary.8:
    resolution: {integrity: sha512-eRDggp+XlyMAx2SVYe5HJP6iffRZDFFfvSDHmv5uUWs0GnR5jmZSm/KN3h04e0uywWLS4M2PyPXB8feUKpyUHg==}
    engines: {node: '>= 10'}
    cpu: [arm64]
    os: [win32]
    requiresBuild: true
    dev: false
    optional: true

  /@next/swc-win32-ia32-msvc/12.2.6-canary.8:
    resolution: {integrity: sha512-oYH9UftjnaZmx8W1dt7zJncvJn+00OVsrLLTPAyZjYt4US2KWttNdgS0FUzbbxbjjZK0k9AnvyMyowjwtC1SgA==}
    engines: {node: '>= 10'}
    cpu: [ia32]
    os: [win32]
    requiresBuild: true
    dev: false
    optional: true

  /@next/swc-win32-x64-msvc/12.2.6-canary.8:
    resolution: {integrity: sha512-o2cyVzD1REd+OGG3Y3ZlptYN8N2K9y6D9DFX3X+UEBEzOIbYVFyy4ZIB5JRi3sulv+8iDBC88icbnDorfNKS3g==}
    engines: {node: '>= 10'}
    cpu: [x64]
    os: [win32]
    requiresBuild: true
    dev: false
    optional: true

  /@swc/helpers/0.4.3:
    resolution: {integrity: sha512-6JrF+fdUK2zbGpJIlN7G3v966PQjyx/dPt1T9km2wj+EUBqgrxCk3uX4Kct16MIm9gGxfKRcfax2hVf5jvlTzA==}
    dependencies:
      tslib: 2.4.0
    dev: false

  /@types/node/18.7.14:
    resolution: {integrity: sha512-6bbDaETVi8oyIARulOE9qF1/Qdi/23z6emrUh0fNJRUmjznqrixD4MpGDdgOFk5Xb0m2H6Xu42JGdvAxaJR/wA==}
    dev: true

  /@types/prop-types/15.7.5:
    resolution: {integrity: sha512-JCB8C6SnDoQf0cNycqd/35A7MjcnK+ZTqE7judS6o7utxUCg6imJg3QK2qzHKszlTjcj2cn+NwMB2i96ubpj7w==}
    dev: true

  /@types/react/18.0.18:
    resolution: {integrity: sha512-6hI08umYs6NaiHFEEGioXnxJ+oEhY3eRz8VCUaudZmGdtvPviCJB8mgaMxaDWAdPSYd4eFavrPk2QIolwbLYrg==}
    dependencies:
      '@types/prop-types': 15.7.5
      '@types/scheduler': 0.16.2
      csstype: 3.1.0
    dev: true

  /@types/scheduler/0.16.2:
    resolution: {integrity: sha512-hppQEBDmlwhFAXKJX2KnWLYu5yMfi91yazPb2l+lbJiwW+wdo1gNeRA+3RgNSO39WYX2euey41KEwnqesU2Jew==}
    dev: true

  /caniuse-lite/1.0.30001387:
    resolution: {integrity: sha512-fKDH0F1KOJvR+mWSOvhj8lVRr/Q/mc5u5nabU2vi1/sgvlSqEsE8dOq0Hy/BqVbDkCYQPRRHB1WRjW6PGB/7PA==}
    dev: false

  /csstype/3.1.0:
    resolution: {integrity: sha512-uX1KG+x9h5hIJsaKR9xHUeUraxf8IODOwq9JLNPq6BwB04a/xgpq3rcx47l5BZu5zBPlgD342tdke3Hom/nJRA==}
    dev: true

  /js-tokens/4.0.0:
    resolution: {integrity: sha512-RdJUflcE3cUzKiMqQgsCu06FPu9UdIJO0beYbPhHN4k6apgJtifcoCtT9bcxOpYBtpD2kCM6Sbzg4CausW/PKQ==}
    dev: false

  /loose-envify/1.4.0:
    resolution: {integrity: sha512-lyuxPGr/Wfhrlem2CL/UcnUc1zcqKAImBDzukY7Y5F/yQiNdko6+fRLevlw1HgMySw7f611UIY408EtxRSoK3Q==}
    hasBin: true
    dependencies:
      js-tokens: 4.0.0
    dev: false

  /nanoid/3.3.4:
    resolution: {integrity: sha512-MqBkQh/OHTS2egovRtLk45wEyNXwF+cokD+1YPf9u5VfJiRdAiRwB2froX5Co9Rh20xs4siNPm8naNotSD6RBw==}
    engines: {node: ^10 || ^12 || ^13.7 || ^14 || >=15.0.1}
    hasBin: true
    dev: false

  /next/12.2.6-canary.8_biqbaboplfbrettd7655fr4n2y:
    resolution: {integrity: sha512-hJOh1TSO/EUZafDIQ9vJbMRskPuD5KyfIRMegcHyX5cNnXeZgTb26FfCe7Scwl3+GvyiWVBvCTsRLpEp6iVaNA==}
    engines: {node: '>=12.22.0'}
    hasBin: true
    peerDependencies:
      fibers: '>= 3.1.0'
      node-sass: ^6.0.0 || ^7.0.0
      react: ^17.0.2 || ^18.0.0-0
      react-dom: ^17.0.2 || ^18.0.0-0
      sass: ^1.3.0
    peerDependenciesMeta:
      fibers:
        optional: true
      node-sass:
        optional: true
      sass:
        optional: true
    dependencies:
      '@next/env': 12.2.6-canary.8
      '@swc/helpers': 0.4.3
      caniuse-lite: 1.0.30001387
      postcss: 8.4.14
      react: 18.2.0
      react-dom: 18.2.0_react@18.2.0
      styled-jsx: 5.0.4_react@18.2.0
      use-sync-external-store: 1.2.0_react@18.2.0
    optionalDependencies:
      '@next/swc-android-arm-eabi': 12.2.6-canary.8
      '@next/swc-android-arm64': 12.2.6-canary.8
      '@next/swc-darwin-arm64': 12.2.6-canary.8
      '@next/swc-darwin-x64': 12.2.6-canary.8
      '@next/swc-freebsd-x64': 12.2.6-canary.8
      '@next/swc-linux-arm-gnueabihf': 12.2.6-canary.8
      '@next/swc-linux-arm64-gnu': 12.2.6-canary.8
      '@next/swc-linux-arm64-musl': 12.2.6-canary.8
      '@next/swc-linux-x64-gnu': 12.2.6-canary.8
      '@next/swc-linux-x64-musl': 12.2.6-canary.8
      '@next/swc-win32-arm64-msvc': 12.2.6-canary.8
      '@next/swc-win32-ia32-msvc': 12.2.6-canary.8
      '@next/swc-win32-x64-msvc': 12.2.6-canary.8
    transitivePeerDependencies:
      - '@babel/core'
      - babel-plugin-macros
    dev: false

  /picocolors/1.0.0:
    resolution: {integrity: sha512-1fygroTLlHu66zi26VoTDv8yRgm0Fccecssto+MhsZ0D/DGW2sm8E8AjW7NU5VVTRt5GxbeZ5qBuJr+HyLYkjQ==}
    dev: false

  /postcss/8.4.14:
    resolution: {integrity: sha512-E398TUmfAYFPBSdzgeieK2Y1+1cpdxJx8yXbK/m57nRhKSmk1GB2tO4lbLBtlkfPQTDKfe4Xqv1ASWPpayPEig==}
    engines: {node: ^10 || ^12 || >=14}
    dependencies:
      nanoid: 3.3.4
      picocolors: 1.0.0
      source-map-js: 1.0.2
    dev: false

  /react-dom/18.2.0_react@18.2.0:
    resolution: {integrity: sha512-6IMTriUmvsjHUjNtEDudZfuDQUoWXVxKHhlEGSk81n4YFS+r/Kl99wXiwlVXtPBtJenozv2P+hxDsw9eA7Xo6g==}
    peerDependencies:
      react: ^18.2.0
    dependencies:
      loose-envify: 1.4.0
      react: 18.2.0
      scheduler: 0.23.0
    dev: false

  /react/18.2.0:
    resolution: {integrity: sha512-/3IjMdb2L9QbBdWiW5e3P2/npwMBaU9mHCSCUzNln0ZCYbcfTsGbTJrU/kGemdH2IWmB2ioZ+zkxtmq6g09fGQ==}
    engines: {node: '>=0.10.0'}
    dependencies:
      loose-envify: 1.4.0
    dev: false

  /scheduler/0.23.0:
    resolution: {integrity: sha512-CtuThmgHNg7zIZWAXi3AsyIzA3n4xx7aNyjwC2VJldO2LMVDhFK+63xGqq6CsJH4rTAt6/M+N4GhZiDYPx9eUw==}
    dependencies:
      loose-envify: 1.4.0
    dev: false

  /source-map-js/1.0.2:
    resolution: {integrity: sha512-R0XvVJ9WusLiqTCEiGCmICCMplcCkIwwR11mOSD9CR5u+IXYdiseeEuXCVAjS54zqwkLcPNnmU4OeJ6tUrWhDw==}
    engines: {node: '>=0.10.0'}
    dev: false

  /styled-jsx/5.0.4_react@18.2.0:
    resolution: {integrity: sha512-sDFWLbg4zR+UkNzfk5lPilyIgtpddfxXEULxhujorr5jtePTUqiPDc5BC0v1NRqTr/WaFBGQQUoYToGlF4B2KQ==}
    engines: {node: '>= 12.0.0'}
    peerDependencies:
      '@babel/core': '*'
      babel-plugin-macros: '*'
      react: '>= 16.8.0 || 17.x.x || ^18.0.0-0'
    peerDependenciesMeta:
      '@babel/core':
        optional: true
      babel-plugin-macros:
        optional: true
    dependencies:
      react: 18.2.0
    dev: false

  /tslib/2.4.0:
    resolution: {integrity: sha512-d6xOpEDfsi2CZVlPQzGeux8XMwLT9hssAsaPYExaQMuYskwb+x1x7J371tWlbBdWHroy99KnVB6qIkUbs5X3UQ==}
    dev: false

  /typescript/4.8.2:
    resolution: {integrity: sha512-C0I1UsrrDHo2fYI5oaCGbSejwX4ch+9Y5jTQELvovfmFkK3HHSZJB8MSJcWLmCUBzQBchCrZ9rMRV6GuNrvGtw==}
    engines: {node: '>=4.2.0'}
    hasBin: true
    dev: true

  /use-sync-external-store/1.2.0_react@18.2.0:
    resolution: {integrity: sha512-eEgnFxGQ1Ife9bzYs6VLi8/4X6CObHMw9Qr9tPY43iKwsPw8xE8+EFsf/2cFZ5S3esXgpWgtSCtLNS41F+sKPA==}
    peerDependencies:
      react: ^16.8.0 || ^17.0.0 || ^18.0.0
    dependencies:
      react: 18.2.0
    dev: false
